
Microsoft Visual Studio Solution File, Format Version 12.00
# Visual Studio Version 16
VisualStudioVersion = 16.0.30804.86
MinimumVisualStudioVersion = 10.0.40219.1
Project("{D954291E-2A0B-460D-934E-DC6B0785DB48}") = "SharedCode", "SharedCode\SharedCode.shproj", "{78478B50-104E-4A2D-82F5-5B19129BE5C8}"
EndProject
Project("{9A19103F-16F7-4668-BE54-9A1E7A4F7556}") = "SelfUpdatingConsole", "SelfUpdatingConsole\SelfUpdatingConsole.csproj", "{7B5F1919-83C8-4CFF-BC5D-2870752A0939}"
EndProject
Project("{9A19103F-16F7-4668-BE54-9A1E7A4F7556}") = "SelfUpdatingWinForms", "SelfUpdatingWinForms\SelfUpdatingWinForms.csproj", "{A7ADF73F-C7BB-4CFF-85C5-E0A2971032A2}"
EndProject
Project("{2150E333-8FDC-42A3-9474-1A3956D46DE8}") = "Solution Items", "Solution Items", "{73EA4BEF-0F60-4A70-B901-4ED77F31B33D}"
	ProjectSection(SolutionItems) = preProject
		.editorconfig = .editorconfig
	EndProjectSection
EndProject
Project("{9A19103F-16F7-4668-BE54-9A1E7A4F7556}") = "TestApp_Console", "TestApp_Console\TestApp_Console.csproj", "{F6B493F1-9597-4FF5-8172-9D65FD46DBE4}"
EndProject
Project("{9A19103F-16F7-4668-BE54-9A1E7A4F7556}") = "TestApp_WinForms", "TestApp_WinForms\TestApp_WinForms.csproj", "{549871E4-F514-48F3-9608-DAE02AF0D14E}"
EndProject
Global
	GlobalSection(SharedMSBuildProjectFiles) = preSolution
		SharedCode\SharedCode.projitems*{78478b50-104e-4a2d-82f5-5b19129be5c8}*SharedItemsImports = 13
		SharedCode\SharedCode.projitems*{7b5f1919-83c8-4cff-bc5d-2870752a0939}*SharedItemsImports = 5
		SharedCode\SharedCode.projitems*{a7adf73f-c7bb-4cff-85c5-e0a2971032a2}*SharedItemsImports = 5
	EndGlobalSection
	GlobalSection(SolutionConfigurationPlatforms) = preSolution
		Debug|Any CPU = Debug|Any CPU
		Release|Any CPU = Release|Any CPU
	EndGlobalSection
	GlobalSection(ProjectConfigurationPlatforms) = postSolution
		{7B5F1919-83C8-4CFF-BC5D-2870752A0939}.Debug|Any CPU.ActiveCfg = Debug|Any CPU
		{7B5F1919-83C8-4CFF-BC5D-2870752A0939}.Debug|Any CPU.Build.0 = Debug|Any CPU
		{7B5F1919-83C8-4CFF-BC5D-2870752A0939}.Release|Any CPU.ActiveCfg = Release|Any CPU
		{7B5F1919-83C8-4CFF-BC5D-2870752A0939}.Release|Any CPU.Build.0 = Release|Any CPU
		{A7ADF73F-C7BB-4CFF-85C5-E0A2971032A2}.Debug|Any CPU.ActiveCfg = Debug|Any CPU
		{A7ADF73F-C7BB-4CFF-85C5-E0A2971032A2}.Debug|Any CPU.Build.0 = Debug|Any CPU
		{A7ADF73F-C7BB-4CFF-85C5-E0A2971032A2}.Release|Any CPU.ActiveCfg = Release|Any CPU
		{A7ADF73F-C7BB-4CFF-85C5-E0A2971032A2}.Release|Any CPU.Build.0 = Release|Any CPU
		{F6B493F1-9597-4FF5-8172-9D65FD46DBE4}.Debug|Any CPU.ActiveCfg = Debug|Any CPU
		{F6B493F1-9597-4FF5-8172-9D65FD46DBE4}.Debug|Any CPU.Build.0 = Debug|Any CPU
		{F6B493F1-9597-4FF5-8172-9D65FD46DBE4}.Release|Any CPU.ActiveCfg = Release|Any CPU
		{F6B493F1-9597-4FF5-8172-9D65FD46DBE4}.Release|Any CPU.Build.0 = Release|Any CPU
		{549871E4-F514-48F3-9608-DAE02AF0D14E}.Debug|Any CPU.ActiveCfg = Debug|Any CPU
		{549871E4-F514-48F3-9608-DAE02AF0D14E}.Debug|Any CPU.Build.0 = Debug|Any CPU
		{549871E4-F514-48F3-9608-DAE02AF0D14E}.Release|Any CPU.ActiveCfg = Release|Any CPU
		{549871E4-F514-48F3-9608-DAE02AF0D14E}.Release|Any CPU.Build.0 = Release|Any CPU
	EndGlobalSection
	GlobalSection(SolutionProperties) = preSolution
		HideSolutionNode = FALSE
	EndGlobalSection
	GlobalSection(ExtensibilityGlobals) = postSolution
		SolutionGuid = {03DE8245-BA52-4768-BD3B-5DD5D2A69D06}
	EndGlobalSection
EndGlobal
